// !$*UTF8*$!
{
	archiveVersion = 1;
	classes = {
	};
	objectVersion = 46;
	objects = {

/* Begin PBXBuildFile section */
		5B7DA0421AA5DFB800472AF5 /* heap_compare_1.p in Sources */ = {isa = PBXBuildFile; fileRef = 5B7DA0411AA5DFB800472AF5 /* heap_compare_1.p */; };
		5B7DA0441AA5EA4B00472AF5 /* heap_compare_2.p in Sources */ = {isa = PBXBuildFile; fileRef = 5B7DA0431AA5EA4B00472AF5 /* heap_compare_2.p */; };
		5B7DA0461AA5EACE00472AF5 /* heap_compare_3.p in Sources */ = {isa = PBXBuildFile; fileRef = 5B7DA0451AA5EACE00472AF5 /* heap_compare_3.p */; };
		5B7DA0481AA5EB5900472AF5 /* heap_compare_4.p in Sources */ = {isa = PBXBuildFile; fileRef = 5B7DA0471AA5EB5900472AF5 /* heap_compare_4.p */; };
		5B7DA04A1AA5EE3500472AF5 /* heap_compare_5.p in Sources */ = {isa = PBXBuildFile; fileRef = 5B7DA0491AA5EE3500472AF5 /* heap_compare_5.p */; };
		5B7DA04C1AA5EF3000472AF5 /* heap_compare_6.p in Sources */ = {isa = PBXBuildFile; fileRef = 5B7DA04B1AA5EF3000472AF5 /* heap_compare_6.p */; };
		5B7DA04E1AA5F01600472AF5 /* heap_compare_7.p in Sources */ = {isa = PBXBuildFile; fileRef = 5B7DA04D1AA5F01600472AF5 /* heap_compare_7.p */; };
		5B7DA0501AA5F1F000472AF5 /* heap_compare_8.p in Sources */ = {isa = PBXBuildFile; fileRef = 5B7DA04F1AA5F1EF00472AF5 /* heap_compare_8.p */; };
		5B7DA0521AA5F52300472AF5 /* heap_compare_9.p in Sources */ = {isa = PBXBuildFile; fileRef = 5B7DA0511AA5F52300472AF5 /* heap_compare_9.p */; };
		5BB45DF91AA5B29A008FCAD1 /* main.cpp in Sources */ = {isa = PBXBuildFile; fileRef = 5BB45DF81AA5B29A008FCAD1 /* main.cpp */; };
/* End PBXBuildFile section */

/* Begin PBXCopyFilesBuildPhase section */
		5BB45DF31AA5B29A008FCAD1 /* CopyFiles */ = {
			isa = PBXCopyFilesBuildPhase;
			buildActionMask = 2147483647;
			dstPath = /usr/share/man/man1/;
			dstSubfolderSpec = 0;
			files = (
			);
			runOnlyForDeploymentPostprocessing = 1;
		};
/* End PBXCopyFilesBuildPhase section */

/* Begin PBXFileReference section */
		5B7DA0411AA5DFB800472AF5 /* heap_compare_1.p */ = {isa = PBXFileReference; fileEncoding = 4; lastKnownFileType = sourcecode.pascal; path = heap_compare_1.p; sourceTree = "<group>"; };
		5B7DA0431AA5EA4B00472AF5 /* heap_compare_2.p */ = {isa = PBXFileReference; fileEncoding = 4; lastKnownFileType = sourcecode.pascal; path = heap_compare_2.p; sourceTree = "<group>"; };
		5B7DA0451AA5EACE00472AF5 /* heap_compare_3.p */ = {isa = PBXFileReference; fileEncoding = 4; lastKnownFileType = sourcecode.pascal; path = heap_compare_3.p; sourceTree = "<group>"; };
		5B7DA0471AA5EB5900472AF5 /* heap_compare_4.p */ = {isa = PBXFileReference; fileEncoding = 4; lastKnownFileType = sourcecode.pascal; path = heap_compare_4.p; sourceTree = "<group>"; };
		5B7DA0491AA5EE3500472AF5 /* heap_compare_5.p */ = {isa = PBXFileReference; fileEncoding = 4; lastKnownFileType = sourcecode.pascal; path = heap_compare_5.p; sourceTree = "<group>"; };
		5B7DA04B1AA5EF3000472AF5 /* heap_compare_6.p */ = {isa = PBXFileReference; fileEncoding = 4; lastKnownFileType = sourcecode.pascal; path = heap_compare_6.p; sourceTree = "<group>"; };
		5B7DA04D1AA5F01600472AF5 /* heap_compare_7.p */ = {isa = PBXFileReference; fileEncoding = 4; lastKnownFileType = sourcecode.pascal; path = heap_compare_7.p; sourceTree = "<group>"; };
		5B7DA04F1AA5F1EF00472AF5 /* heap_compare_8.p */ = {isa = PBXFileReference; fileEncoding = 4; lastKnownFileType = sourcecode.pascal; path = heap_compare_8.p; sourceTree = "<group>"; };
		5B7DA0511AA5F52300472AF5 /* heap_compare_9.p */ = {isa = PBXFileReference; fileEncoding = 4; lastKnownFileType = sourcecode.pascal; path = heap_compare_9.p; sourceTree = "<group>"; };
		5BB45DF51AA5B29A008FCAD1 /* HeapsNStuff */ = {isa = PBXFileReference; explicitFileType = "compiled.mach-o.executable"; includeInIndex = 0; path = HeapsNStuff; sourceTree = BUILT_PRODUCTS_DIR; };
		5BB45DF81AA5B29A008FCAD1 /* main.cpp */ = {isa = PBXFileReference; indentWidth = 2; lastKnownFileType = sourcecode.cpp.cpp; path = main.cpp; sourceTree = "<group>"; };
		5BB45E001AA5B5F7008FCAD1 /* Heap.h */ = {isa = PBXFileReference; fileEncoding = 4; indentWidth = 2; lastKnownFileType = sourcecode.c.h; path = Heap.h; sourceTree = "<group>"; tabWidth = 2; };
/* End PBXFileReference section */

/* Begin PBXFrameworksBuildPhase section */
		5BB45DF21AA5B29A008FCAD1 /* Frameworks */ = {
			isa = PBXFrameworksBuildPhase;
			buildActionMask = 2147483647;
			files = (
			);
			runOnlyForDeploymentPostprocessing = 0;
		};
/* End PBXFrameworksBuildPhase section */

/* Begin PBXGroup section */
		5B7DA0401AA5DF9C00472AF5 /* plot */ = {
			isa = PBXGroup;
			children = (
				5B7DA0511AA5F52300472AF5 /* heap_compare_9.p */,
				5B7DA04F1AA5F1EF00472AF5 /* heap_compare_8.p */,
				5B7DA04D1AA5F01600472AF5 /* heap_compare_7.p */,
				5B7DA04B1AA5EF3000472AF5 /* heap_compare_6.p */,
				5B7DA0491AA5EE3500472AF5 /* heap_compare_5.p */,
				5B7DA0471AA5EB5900472AF5 /* heap_compare_4.p */,
				5B7DA0451AA5EACE00472AF5 /* heap_compare_3.p */,
				5B7DA0431AA5EA4B00472AF5 /* heap_compare_2.p */,
				5B7DA0411AA5DFB800472AF5 /* heap_compare_1.p */,
			);
			path = plot;
			sourceTree = SOURCE_ROOT;
		};
		5BB45DEC1AA5B29A008FCAD1 = {
			isa = PBXGroup;
			children = (
				5BB45DF71AA5B29A008FCAD1 /* HeapsNStuff */,
				5BB45DF61AA5B29A008FCAD1 /* Products */,
			);
			sourceTree = "<group>";
		};
		5BB45DF61AA5B29A008FCAD1 /* Products */ = {
			isa = PBXGroup;
			children = (
				5BB45DF51AA5B29A008FCAD1 /* HeapsNStuff */,
			);
			name = Products;
			sourceTree = "<group>";
		};
		5BB45DF71AA5B29A008FCAD1 /* HeapsNStuff */ = {
			isa = PBXGroup;
			children = (
				5B7DA0401AA5DF9C00472AF5 /* plot */,
				5BB45DF81AA5B29A008FCAD1 /* main.cpp */,
				5BB45E001AA5B5F7008FCAD1 /* Heap.h */,
			);
			path = HeapsNStuff;
			sourceTree = "<group>";
		};
/* End PBXGroup section */

/* Begin PBXNativeTarget section */
		5BB45DF41AA5B29A008FCAD1 /* HeapsNStuff */ = {
			isa = PBXNativeTarget;
			buildConfigurationList = 5BB45DFC1AA5B29A008FCAD1 /* Build configuration list for PBXNativeTarget "HeapsNStuff" */;
			buildPhases = (
				5BB45DF11AA5B29A008FCAD1 /* Sources */,
				5BB45DF21AA5B29A008FCAD1 /* Frameworks */,
				5BB45DF31AA5B29A008FCAD1 /* CopyFiles */,
			);
			buildRules = (
			);
			dependencies = (
			);
			name = HeapsNStuff;
			productName = HeapsNStuff;
			productReference = 5BB45DF51AA5B29A008FCAD1 /* HeapsNStuff */;
			productType = "com.apple.product-type.tool";
		};
/* End PBXNativeTarget section */

/* Begin PBXProject section */
		5BB45DED1AA5B29A008FCAD1 /* Project object */ = {
			isa = PBXProject;
			attributes = {
				LastUpgradeCheck = 0610;
				ORGANIZATIONNAME = "Martin Aigner";
				TargetAttributes = {
					5BB45DF41AA5B29A008FCAD1 = {
						CreatedOnToolsVersion = 6.1.1;
					};
				};
			};
			buildConfigurationList = 5BB45DF01AA5B29A008FCAD1 /* Build configuration list for PBXProject "HeapsNStuff" */;
			compatibilityVersion = "Xcode 3.2";
			developmentRegion = English;
			hasScannedForEncodings = 0;
			knownRegions = (
				en,
			);
			mainGroup = 5BB45DEC1AA5B29A008FCAD1;
			productRefGroup = 5BB45DF61AA5B29A008FCAD1 /* Products */;
			projectDirPath = "";
			projectRoot = "";
			targets = (
				5BB45DF41AA5B29A008FCAD1 /* HeapsNStuff */,
			);
		};
/* End PBXProject section */

/* Begin PBXSourcesBuildPhase section */
		5BB45DF11AA5B29A008FCAD1 /* Sources */ = {
			isa = PBXSourcesBuildPhase;
			buildActionMask = 2147483647;
			files = (
				5BB45DF91AA5B29A008FCAD1 /* main.cpp in Sources */,
				5B7DA04A1AA5EE3500472AF5 /* heap_compare_5.p in Sources */,
				5B7DA0521AA5F52300472AF5 /* heap_compare_9.p in Sources */,
				5B7DA0501AA5F1F000472AF5 /* heap_compare_8.p in Sources */,
				5B7DA0421AA5DFB800472AF5 /* heap_compare_1.p in Sources */,
				5B7DA0461AA5EACE00472AF5 /* heap_compare_3.p in Sources */,
				5B7DA0441AA5EA4B00472AF5 /* heap_compare_2.p in Sources */,
				5B7DA0481AA5EB5900472AF5 /* heap_compare_4.p in Sources */,
				5B7DA04C1AA5EF3000472AF5 /* heap_compare_6.p in Sources */,
				5B7DA04E1AA5F01600472AF5 /* heap_compare_7.p in Sources */,
			);
			runOnlyForDeploymentPostprocessing = 0;
		};
/* End PBXSourcesBuildPhase section */

/* Begin XCBuildConfiguration section */
		5BB45DFA1AA5B29A008FCAD1 /* Debug */ = {
			isa = XCBuildConfiguration;
			buildSettings = {
				ALWAYS_SEARCH_USER_PATHS = NO;
				CLANG_CXX_LANGUAGE_STANDARD = "gnu++0x";
				CLANG_CXX_LIBRARY = "libc++";
				CLANG_ENABLE_MODULES = YES;
				CLANG_ENABLE_OBJC_ARC = YES;
				CLANG_WARN_BOOL_CONVERSION = YES;
				CLANG_WARN_CONSTANT_CONVERSION = YES;
				CLANG_WARN_DIRECT_OBJC_ISA_USAGE = YES_ERROR;
				CLANG_WARN_EMPTY_BODY = YES;
				CLANG_WARN_ENUM_CONVERSION = YES;
				CLANG_WARN_INT_CONVERSION = YES;
				CLANG_WARN_OBJC_ROOT_CLASS = YES_ERROR;
				CLANG_WARN_UNREACHABLE_CODE = YES;
				CLANG_WARN__DUPLICATE_METHOD_MATCH = YES;
				COPY_PHASE_STRIP = NO;
				ENABLE_STRICT_OBJC_MSGSEND = YES;
				GCC_C_LANGUAGE_STANDARD = gnu99;
				GCC_DYNAMIC_NO_PIC = NO;
				GCC_OPTIMIZATION_LEVEL = 0;
				GCC_PREPROCESSOR_DEFINITIONS = (
					"DEBUG=1",
					"$(inherited)",
				);
				GCC_SYMBOLS_PRIVATE_EXTERN = NO;
				GCC_WARN_64_TO_32_BIT_CONVERSION = YES;
				GCC_WARN_ABOUT_RETURN_TYPE = YES_ERROR;
				GCC_WARN_UNDECLARED_SELECTOR = YES;
				GCC_WARN_UNINITIALIZED_AUTOS = YES_AGGRESSIVE;
				GCC_WARN_UNUSED_FUNCTION = YES;
				GCC_WARN_UNUSED_VARIABLE = YES;
				MACOSX_DEPLOYMENT_TARGET = 10.10;
				MTL_ENABLE_DEBUG_INFO = YES;
				ONLY_ACTIVE_ARCH = YES;
				SDKROOT = macosx;
			};
			name = Debug;
		};
		5BB45DFB1AA5B29A008FCAD1 /* Release */ = {
			isa = XCBuildConfiguration;
			buildSettings = {
				ALWAYS_SEARCH_USER_PATHS = NO;
				CLANG_CXX_LANGUAGE_STANDARD = "gnu++0x";
				CLANG_CXX_LIBRARY = "libc++";
				CLANG_ENABLE_MODULES = YES;
				CLANG_ENABLE_OBJC_ARC = YES;
				CLANG_WARN_BOOL_CONVERSION = YES;
				CLANG_WARN_CONSTANT_CONVERSION = YES;
				CLANG_WARN_DIRECT_OBJC_ISA_USAGE = YES_ERROR;
				CLANG_WARN_EMPTY_BODY = YES;
				CLANG_WARN_ENUM_CONVERSION = YES;
				CLANG_WARN_INT_CONVERSION = YES;
				CLANG_WARN_OBJC_ROOT_CLASS = YES_ERROR;
				CLANG_WARN_UNREACHABLE_CODE = YES;
				CLANG_WARN__DUPLICATE_METHOD_MATCH = YES;
				COPY_PHASE_STRIP = YES;
				DEBUG_INFORMATION_FORMAT = "dwarf-with-dsym";
				ENABLE_NS_ASSERTIONS = NO;
				ENABLE_STRICT_OBJC_MSGSEND = YES;
				GCC_C_LANGUAGE_STANDARD = gnu99;
				GCC_WARN_64_TO_32_BIT_CONVERSION = YES;
				GCC_WARN_ABOUT_RETURN_TYPE = YES_ERROR;
				GCC_WARN_UNDECLARED_SELECTOR = YES;
				GCC_WARN_UNINITIALIZED_AUTOS = YES_AGGRESSIVE;
				GCC_WARN_UNUSED_FUNCTION = YES;
				GCC_WARN_UNUSED_VARIABLE = YES;
				MACOSX_DEPLOYMENT_TARGET = 10.10;
				MTL_ENABLE_DEBUG_INFO = NO;
				SDKROOT = macosx;
			};
			name = Release;
		};
		5BB45DFD1AA5B29A008FCAD1 /* Debug */ = {
			isa = XCBuildConfiguration;
			buildSettings = {
				CLANG_CXX_LANGUAGE_STANDARD = "c++14";
				PRODUCT_NAME = "$(TARGET_NAME)";
			};
			name = Debug;
		};
		5BB45DFE1AA5B29A008FCAD1 /* Release */ = {
			isa = XCBuildConfiguration;
			buildSettings = {
				CLANG_CXX_LANGUAGE_STANDARD = "c++14";
				PRODUCT_NAME = "$(TARGET_NAME)";
			};
			name = Release;
		};
/* End XCBuildConfiguration section */

/* Begin XCConfigurationList section */
		5BB45DF01AA5B29A008FCAD1 /* Build configuration list for PBXProject "HeapsNStuff" */ = {
			isa = XCConfigurationList;
			buildConfigurations = (
				5BB45DFA1AA5B29A008FCAD1 /* Debug */,
				5BB45DFB1AA5B29A008FCAD1 /* Release */,
			);
			defaultConfigurationIsVisible = 0;
			defaultConfigurationName = Release;
		};
		5BB45DFC1AA5B29A008FCAD1 /* Build configuration list for PBXNativeTarget "HeapsNStuff" */ = {
			isa = XCConfigurationList;
			buildConfigurations = (
				5BB45DFD1AA5B29A008FCAD1 /* Debug */,
				5BB45DFE1AA5B29A008FCAD1 /* Release */,
			);
			defaultConfigurationIsVisible = 0;
			defaultConfigurationName = Release;
		};
/* End XCConfigurationList section */
	};
	rootObject = 5BB45DED1AA5B29A008FCAD1 /* Project object */;
}
